<?xml version="1.0" encoding="utf-8"?>
<Project ToolsVersion="4.0" xmlns="http://schemas.microsoft.com/developer/msbuild/2003">
  <ItemGroup>
    <Filter Include="Quelldateien">
      <UniqueIdentifier>{4FC737F1-C7A5-4376-A066-2A32D752A2FF}</UniqueIdentifier>
      <Extensions>cpp;c;cc;cxx;def;odl;idl;hpj;bat;asm;asmx</Extensions>
    </Filter>
    <Filter Include="Headerdateien">
      <UniqueIdentifier>{93995380-89BD-4b04-88EB-625FBE52EBFB}</UniqueIdentifier>
      <Extensions>h;hh;hpp;hxx;hm;inl;inc;xsd</Extensions>
    </Filter>
    <Filter Include="Quelldateien\companion">
      <UniqueIdentifier>{409bf36e-3c4b-4433-ab73-6952231894c4}</UniqueIdentifier>
    </Filter>
    <Filter Include="Quelldateien\companion\search">
      <UniqueIdentifier>{461469ca-9912-4ebc-8f48-16f793ccf28c}</UniqueIdentifier>
    </Filter>
    <Filter Include="Headerdateien\companion">
      <UniqueIdentifier>{ba8da328-15f6-4115-80f3-ddc38bf19291}</UniqueIdentifier>
    </Filter>
    <Filter Include="Headerdateien\companion\search">
      <UniqueIdentifier>{b173212c-7758-4d70-804c-17cb533647b6}</UniqueIdentifier>
    </Filter>
  </ItemGroup>
  <ItemGroup>
    <ClInclude Include="companion\companion.h">
      <Filter>Headerdateien\companion</Filter>
    </ClInclude>
    <ClInclude Include="companion\search\compare.h">
      <Filter>Headerdateien\companion\search</Filter>
    </ClInclude>
    <ClInclude Include="companion\search\flann.h">
      <Filter>Headerdateien\companion\search</Filter>
    </ClInclude>
    <ClInclude Include="companion\search\search.h">
      <Filter>Headerdateien\companion\search</Filter>
    </ClInclude>
    <ClInclude Include="companion\search\templatematch.h">
      <Filter>Headerdateien\companion\search</Filter>
    </ClInclude>
    <ClInclude Include="dirent.h">
      <Filter>Headerdateien</Filter>
    </ClInclude>
  </ItemGroup>
  <ItemGroup>
    <ClCompile Include="main.cpp">
      <Filter>Quelldateien</Filter>
    </ClCompile>
    <ClCompile Include="companion\companion.cpp">
      <Filter>Quelldateien\companion</Filter>
    </ClCompile>
    <ClCompile Include="companion\search\compare.cpp">
      <Filter>Quelldateien\companion\search</Filter>
    </ClCompile>
    <ClCompile Include="companion\search\flann.cpp">
      <Filter>Quelldateien\companion\search</Filter>
    </ClCompile>
    <ClCompile Include="companion\search\search.cpp">
      <Filter>Quelldateien\companion\search</Filter>
    </ClCompile>
    <ClCompile Include="companion\search\templatematch.cpp">
      <Filter>Quelldateien\companion\search</Filter>
    </ClCompile>
  </ItemGroup>
</Project>